
Microsoft Visual Studio Solution File, Format Version 12.00
# Visual Studio 15
VisualStudioVersion = 15.0.28010.2019
MinimumVisualStudioVersion = 10.0.40219.1
Project("{FAE04EC0-301F-11D3-BF4B-00C04F79EFBC}") = "EmployeeApi.Web", "EmployeeApi.Web\EmployeeApi.Web.csproj", "{880F73D0-8B32-48E1-8B09-8F17462253C2}"
EndProject
Project("{FAE04EC0-301F-11D3-BF4B-00C04F79EFBC}") = "EmployeeApi.Data", "EmployeeApi.Data\EmployeeApi.Data.csproj", "{CC35764C-B58D-473D-B28F-5E937E52F3C0}"
EndProject
Project("{FAE04EC0-301F-11D3-BF4B-00C04F79EFBC}") = "EmployeeApi.Entities", "EmployeeApi.Entities\EmployeeApi.Entities.csproj", "{0298D003-7862-4054-B90B-9AEBC136A1A1}"
EndProject
Global
	GlobalSection(SolutionConfigurationPlatforms) = preSolution
		Debug|Any CPU = Debug|Any CPU
		Release|Any CPU = Release|Any CPU
	EndGlobalSection
	GlobalSection(ProjectConfigurationPlatforms) = postSolution
		{880F73D0-8B32-48E1-8B09-8F17462253C2}.Debug|Any CPU.ActiveCfg = Debug|Any CPU
		{880F73D0-8B32-48E1-8B09-8F17462253C2}.Debug|Any CPU.Build.0 = Debug|Any CPU
		{880F73D0-8B32-48E1-8B09-8F17462253C2}.Release|Any CPU.ActiveCfg = Release|Any CPU
		{880F73D0-8B32-48E1-8B09-8F17462253C2}.Release|Any CPU.Build.0 = Release|Any CPU
		{CC35764C-B58D-473D-B28F-5E937E52F3C0}.Debug|Any CPU.ActiveCfg = Debug|Any CPU
		{CC35764C-B58D-473D-B28F-5E937E52F3C0}.Debug|Any CPU.Build.0 = Debug|Any CPU
		{CC35764C-B58D-473D-B28F-5E937E52F3C0}.Release|Any CPU.ActiveCfg = Release|Any CPU
		{CC35764C-B58D-473D-B28F-5E937E52F3C0}.Release|Any CPU.Build.0 = Release|Any CPU
		{0298D003-7862-4054-B90B-9AEBC136A1A1}.Debug|Any CPU.ActiveCfg = Debug|Any CPU
		{0298D003-7862-4054-B90B-9AEBC136A1A1}.Debug|Any CPU.Build.0 = Debug|Any CPU
		{0298D003-7862-4054-B90B-9AEBC136A1A1}.Release|Any CPU.ActiveCfg = Release|Any CPU
		{0298D003-7862-4054-B90B-9AEBC136A1A1}.Release|Any CPU.Build.0 = Release|Any CPU
	EndGlobalSection
	GlobalSection(SolutionProperties) = preSolution
		HideSolutionNode = FALSE
	EndGlobalSection
	GlobalSection(ExtensibilityGlobals) = postSolution
		SolutionGuid = {0F0823AA-2CA4-4434-AFEB-8CCFE73C37CB}
	EndGlobalSection
EndGlobal
